PODS:
  - Gestalt (2.0.1)
  - Hue (5.0.0)
  - Ji (5.0.0)
  - KeyboardObserver (2.1.0)
  - ReadabilityKit (0.7.3):
    - Ji (= 5.0.0)
  - Realm (3.18.0):
    - Realm/Headers (= 3.18.0)
  - Realm/Headers (3.18.0)
  - RealmSwift (3.18.0):
    - Realm (= 3.18.0)
  - SPStorkController (1.7.9)
  - SwiftLint (0.35.0)
  - VegaScrollFlowLayout (1.1)

DEPENDENCIES:
  - Gestalt (~> 2.0.0)
  - Hue
  - KeyboardObserver (~> 2.1)
  - ReadabilityKit
  - RealmSwift
  - SPStorkController
  - SwiftLint
  - VegaScrollFlowLayout

SPEC REPOS:
  https://github.com/cocoapods/specs.git:
    - Gestalt
    - Hue
    - Ji
    - KeyboardObserver
    - ReadabilityKit
    - Realm
    - RealmSwift
    - SPStorkController
    - SwiftLint
    - VegaScrollFlowLayout

SPEC CHECKSUMS:
  Gestalt: dd2112f16576ee691a0ca381b0223464d5f123a3
  Hue: c129cb67be7d093a82bbbc30ce8a96757bf6f37a
  Ji: d795fed288fe78658b404c88946d753b17d8d7f4
  KeyboardObserver: 338f87db88f4d6f4b4af334fe025bc824251d57b
  ReadabilityKit: d28ec50a317067fd1c06aa6518b05171bb19ce47
  Realm: 7b3d04740facf45e958a514b466a32b04f1113d6
  RealmSwift: c817b5f374668cf08f649afb05f55d92a787649c
  SPStorkController: 36bd84206267232747b19d48852659bd71ede28f
  SwiftLint: 5553187048b900c91aa03552807681bb6b027846
  VegaScrollFlowLayout: 9158061f29179147755f937c2b21693fc5dbbac3

PODFILE CHECKSUM: 488121ea4eaa63683d6964606acde2ed412b1208

COCOAPODS: 1.7.5
